
Microsoft Visual Studio Solution File, Format Version 12.00
# Visual Studio 15
VisualStudioVersion = 15.0.28307.106
MinimumVisualStudioVersion = 10.0.40219.1
Project("{FAE04EC0-301F-11D3-BF4B-00C04F79EFBC}") = "MemberShip", "MemberShip\MemberShip.csproj", "{803E6FF8-EB25-432E-8AE2-FA3EFBB4AE57}"
EndProject
Global
	GlobalSection(SolutionConfigurationPlatforms) = preSolution
		Debug|Any CPU = Debug|Any CPU
		Release|Any CPU = Release|Any CPU
	EndGlobalSection
	GlobalSection(ProjectConfigurationPlatforms) = postSolution
		{803E6FF8-EB25-432E-8AE2-FA3EFBB4AE57}.Debug|Any CPU.ActiveCfg = Debug|Any CPU
		{803E6FF8-EB25-432E-8AE2-FA3EFBB4AE57}.Debug|Any CPU.Build.0 = Debug|Any CPU
		{803E6FF8-EB25-432E-8AE2-FA3EFBB4AE57}.Release|Any CPU.ActiveCfg = Release|Any CPU
		{803E6FF8-EB25-432E-8AE2-FA3EFBB4AE57}.Release|Any CPU.Build.0 = Release|Any CPU
	EndGlobalSection
	GlobalSection(SolutionProperties) = preSolution
		HideSolutionNode = FALSE
	EndGlobalSection
	GlobalSection(ExtensibilityGlobals) = postSolution
		SolutionGuid = {C8FA1D5C-84E0-4FCD-A224-935F4D140CE9}
	EndGlobalSection
EndGlobal
